
Microsoft Visual Studio Solution File, Format Version 12.00
# Visual Studio Version 17
VisualStudioVersion = 17.1.32210.238
MinimumVisualStudioVersion = 10.0.40219.1
Project("{FAE04EC0-301F-11D3-BF4B-00C04F79EFBC}") = "Uc-4-InsertElementInLinkList", "Uc-4-InsertElementInLinkList\Uc-4-InsertElementInLinkList.csproj", "{CE047048-0869-4DDE-A64C-33D6D9AF3F12}"
EndProject
Global
	GlobalSection(SolutionConfigurationPlatforms) = preSolution
		Debug|Any CPU = Debug|Any CPU
		Release|Any CPU = Release|Any CPU
	EndGlobalSection
	GlobalSection(ProjectConfigurationPlatforms) = postSolution
		{CE047048-0869-4DDE-A64C-33D6D9AF3F12}.Debug|Any CPU.ActiveCfg = Debug|Any CPU
		{CE047048-0869-4DDE-A64C-33D6D9AF3F12}.Debug|Any CPU.Build.0 = Debug|Any CPU
		{CE047048-0869-4DDE-A64C-33D6D9AF3F12}.Release|Any CPU.ActiveCfg = Release|Any CPU
		{CE047048-0869-4DDE-A64C-33D6D9AF3F12}.Release|Any CPU.Build.0 = Release|Any CPU
	EndGlobalSection
	GlobalSection(SolutionProperties) = preSolution
		HideSolutionNode = FALSE
	EndGlobalSection
	GlobalSection(ExtensibilityGlobals) = postSolution
		SolutionGuid = {0B316D3E-EBC7-4236-B1CF-A23598C33B69}
	EndGlobalSection
EndGlobal
